// !$*UTF8*$!
{
	archiveVersion = 1;
	classes = {
	};
	objectVersion = 56;
	objects = {

/* Begin PBXBuildFile section */
		9B2E44DC2B39F17000BCAC49 /* PastReviewsView.swift in Sources */ = {isa = PBXBuildFile; fileRef = 9B2E44DB2B39F17000BCAC49 /* PastReviewsView.swift */; };
		9B2E44DE2B39F38300BCAC49 /* EditUserInfoView.swift in Sources */ = {isa = PBXBuildFile; fileRef = 9B2E44DD2B39F38300BCAC49 /* EditUserInfoView.swift */; };
		9B2E44E02B39F43E00BCAC49 /* EmailHelper.swift in Sources */ = {isa = PBXBuildFile; fileRef = 9B2E44DF2B39F43E00BCAC49 /* EmailHelper.swift */; };
		9B2E44E22B39F4C400BCAC49 /* SettingsView.swift in Sources */ = {isa = PBXBuildFile; fileRef = 9B2E44E12B39F4C400BCAC49 /* SettingsView.swift */; };
		9B2E450F2B43C07500BCAC49 /* PastReviewsViewModel.swift in Sources */ = {isa = PBXBuildFile; fileRef = 9B2E450E2B43C07500BCAC49 /* PastReviewsViewModel.swift */; };
		9B2E45112B44D6A900BCAC49 /* UserInfoViewModel.swift in Sources */ = {isa = PBXBuildFile; fileRef = 9B2E45102B44D6A900BCAC49 /* UserInfoViewModel.swift */; };
		9B352DB02AF00B380032ED34 /* sample_review.json in Resources */ = {isa = PBXBuildFile; fileRef = 9B352DAF2AF00B380032ED34 /* sample_review.json */; };
		9B352DB62AF298540032ED34 /* AnswerView.swift in Sources */ = {isa = PBXBuildFile; fileRef = 9B352DB52AF298540032ED34 /* AnswerView.swift */; };
		9B3D9D722AD4678900BA8BD3 /* RelationshipReviewApp.swift in Sources */ = {isa = PBXBuildFile; fileRef = 9B3D9D712AD4678900BA8BD3 /* RelationshipReviewApp.swift */; };
		9B3D9D742AD4678900BA8BD3 /* ContentView.swift in Sources */ = {isa = PBXBuildFile; fileRef = 9B3D9D732AD4678900BA8BD3 /* ContentView.swift */; };
		9B3D9D762AD4678B00BA8BD3 /* Assets.xcassets in Resources */ = {isa = PBXBuildFile; fileRef = 9B3D9D752AD4678B00BA8BD3 /* Assets.xcassets */; };
		9B3D9D792AD4678B00BA8BD3 /* Preview Assets.xcassets in Resources */ = {isa = PBXBuildFile; fileRef = 9B3D9D782AD4678B00BA8BD3 /* Preview Assets.xcassets */; };
		9B3D9D832AD4678B00BA8BD3 /* RelationshipReviewTests.swift in Sources */ = {isa = PBXBuildFile; fileRef = 9B3D9D822AD4678B00BA8BD3 /* RelationshipReviewTests.swift */; };
		9B3D9D8D2AD4678B00BA8BD3 /* RelationshipReviewUITests.swift in Sources */ = {isa = PBXBuildFile; fileRef = 9B3D9D8C2AD4678B00BA8BD3 /* RelationshipReviewUITests.swift */; };
		9B3D9D8F2AD4678B00BA8BD3 /* RelationshipReviewUITestsLaunchTests.swift in Sources */ = {isa = PBXBuildFile; fileRef = 9B3D9D8E2AD4678B00BA8BD3 /* RelationshipReviewUITestsLaunchTests.swift */; };
		9B3D9D9C2AD467C100BA8BD3 /* CommunicationLevel.swift in Sources */ = {isa = PBXBuildFile; fileRef = 9B3D9D9B2AD467C100BA8BD3 /* CommunicationLevel.swift */; };
		9B3D9D9E2AD46B4E00BA8BD3 /* UserInfo.swift in Sources */ = {isa = PBXBuildFile; fileRef = 9B3D9D9D2AD46B4E00BA8BD3 /* UserInfo.swift */; };
		9B3D9DA02AD46B7F00BA8BD3 /* Relationship.swift in Sources */ = {isa = PBXBuildFile; fileRef = 9B3D9D9F2AD46B7F00BA8BD3 /* Relationship.swift */; };
		9B3D9DA22AD46D1A00BA8BD3 /* CheckIn.swift in Sources */ = {isa = PBXBuildFile; fileRef = 9B3D9DA12AD46D1A00BA8BD3 /* CheckIn.swift */; };
		9B3D9DA52AD48C2100BA8BD3 /* ReviewViewModel.swift in Sources */ = {isa = PBXBuildFile; fileRef = 9B3D9DA42AD48C2100BA8BD3 /* ReviewViewModel.swift */; };
		9B3D9DA72AD493CD00BA8BD3 /* CheckInViewModel.swift in Sources */ = {isa = PBXBuildFile; fileRef = 9B3D9DA62AD493CC00BA8BD3 /* CheckInViewModel.swift */; };
		9B3D9DAA2AD496CD00BA8BD3 /* CheckInView.swift in Sources */ = {isa = PBXBuildFile; fileRef = 9B3D9DA92AD496CD00BA8BD3 /* CheckInView.swift */; };
		9B3D9DAC2AD49B5E00BA8BD3 /* PromptView.swift in Sources */ = {isa = PBXBuildFile; fileRef = 9B3D9DAB2AD49B5E00BA8BD3 /* PromptView.swift */; };
		9B3D9DAE2AD4AB1900BA8BD3 /* PromptViewModel.swift in Sources */ = {isa = PBXBuildFile; fileRef = 9B3D9DAD2AD4AB1900BA8BD3 /* PromptViewModel.swift */; };
		9B3D9DB02AD5A0D500BA8BD3 /* PromptsViewModel.swift in Sources */ = {isa = PBXBuildFile; fileRef = 9B3D9DAF2AD5A0D500BA8BD3 /* PromptsViewModel.swift */; };
		9B3D9DB22AD5ACCF00BA8BD3 /* MockData.swift in Sources */ = {isa = PBXBuildFile; fileRef = 9B3D9DB12AD5ACCF00BA8BD3 /* MockData.swift */; };
		9B3D9DB52AD5B82E00BA8BD3 /* NetworkService.swift in Sources */ = {isa = PBXBuildFile; fileRef = 9B3D9DB42AD5B82E00BA8BD3 /* NetworkService.swift */; };
		9B3D9DB72AD5BE5C00BA8BD3 /* sample_prompts.json in Resources */ = {isa = PBXBuildFile; fileRef = 9B3D9DB62AD5BE5C00BA8BD3 /* sample_prompts.json */; };
		9B3D9DB92AD9903500BA8BD3 /* Prompt.swift in Sources */ = {isa = PBXBuildFile; fileRef = 9B3D9DB82AD9903500BA8BD3 /* Prompt.swift */; };
		9B3D9DBB2AD9909200BA8BD3 /* Review.swift in Sources */ = {isa = PBXBuildFile; fileRef = 9B3D9DBA2AD9909200BA8BD3 /* Review.swift */; };
		9B3D9DBD2AD9997200BA8BD3 /* PromptsView.swift in Sources */ = {isa = PBXBuildFile; fileRef = 9B3D9DBC2AD9997200BA8BD3 /* PromptsView.swift */; };
		9BB891F82ADC442500B980C7 /* AnswersToSubmit.swift in Sources */ = {isa = PBXBuildFile; fileRef = 9BB891F72ADC442500B980C7 /* AnswersToSubmit.swift */; };
		9BB891FA2ADC479100B980C7 /* ReviewView.swift in Sources */ = {isa = PBXBuildFile; fileRef = 9BB891F92ADC479100B980C7 /* ReviewView.swift */; };
		9BEF91162B1BFFA50096D566 /* DesignSystem.swift in Sources */ = {isa = PBXBuildFile; fileRef = 9BEF91152B1BFFA50096D566 /* DesignSystem.swift */; };
		9BEF91192B1C00680096D566 /* GoogleService-Info.plist in Resources */ = {isa = PBXBuildFile; fileRef = 9BEF91182B1C00680096D566 /* GoogleService-Info.plist */; };
		9BEF911C2B1C039A0096D566 /* FirebaseAuth in Frameworks */ = {isa = PBXBuildFile; productRef = 9BEF911B2B1C039A0096D566 /* FirebaseAuth */; };
		9BEF911E2B1C039A0096D566 /* FirebaseDatabase in Frameworks */ = {isa = PBXBuildFile; productRef = 9BEF911D2B1C039A0096D566 /* FirebaseDatabase */; };
		9BEF91202B1C039A0096D566 /* FirebaseDatabaseSwift in Frameworks */ = {isa = PBXBuildFile; productRef = 9BEF911F2B1C039A0096D566 /* FirebaseDatabaseSwift */; };
		9BEF91222B1C039A0096D566 /* FirebaseFirestore in Frameworks */ = {isa = PBXBuildFile; productRef = 9BEF91212B1C039A0096D566 /* FirebaseFirestore */; };
		9BEF91242B1C039A0096D566 /* FirebaseFirestoreSwift in Frameworks */ = {isa = PBXBuildFile; productRef = 9BEF91232B1C039A0096D566 /* FirebaseFirestoreSwift */; };
		9BEF912D2B1C06F30096D566 /* OnboardingView.swift in Sources */ = {isa = PBXBuildFile; fileRef = 9BEF912C2B1C06F30096D566 /* OnboardingView.swift */; };
		9BEF912F2B1C07620096D566 /* MainView.swift in Sources */ = {isa = PBXBuildFile; fileRef = 9BEF912E2B1C07620096D566 /* MainView.swift */; };
		9BEF91312B1C09590096D566 /* NetworkClient.swift in Sources */ = {isa = PBXBuildFile; fileRef = 9BEF91302B1C09590096D566 /* NetworkClient.swift */; };
		9BEF91332B1C098B0096D566 /* APIEndpoints.swift in Sources */ = {isa = PBXBuildFile; fileRef = 9BEF91322B1C098B0096D566 /* APIEndpoints.swift */; };
		9BEF91352B1C113A0096D566 /* OnboardingViewModel.swift in Sources */ = {isa = PBXBuildFile; fileRef = 9BEF91342B1C113A0096D566 /* OnboardingViewModel.swift */; };
/* End PBXBuildFile section */

/* Begin PBXContainerItemProxy section */
		9B3D9D7F2AD4678B00BA8BD3 /* PBXContainerItemProxy */ = {
			isa = PBXContainerItemProxy;
			containerPortal = 9B3D9D662AD4678900BA8BD3 /* Project object */;
			proxyType = 1;
			remoteGlobalIDString = 9B3D9D6D2AD4678900BA8BD3;
			remoteInfo = RelationshipReview;
		};
		9B3D9D892AD4678B00BA8BD3 /* PBXContainerItemProxy */ = {
			isa = PBXContainerItemProxy;
			containerPortal = 9B3D9D662AD4678900BA8BD3 /* Project object */;
			proxyType = 1;
			remoteGlobalIDString = 9B3D9D6D2AD4678900BA8BD3;
			remoteInfo = RelationshipReview;
		};
/* End PBXContainerItemProxy section */

/* Begin PBXFileReference section */
		9B2E44DB2B39F17000BCAC49 /* PastReviewsView.swift */ = {isa = PBXFileReference; lastKnownFileType = sourcecode.swift; path = PastReviewsView.swift; sourceTree = "<group>"; };
		9B2E44DD2B39F38300BCAC49 /* EditUserInfoView.swift */ = {isa = PBXFileReference; lastKnownFileType = sourcecode.swift; path = EditUserInfoView.swift; sourceTree = "<group>"; };
		9B2E44DF2B39F43E00BCAC49 /* EmailHelper.swift */ = {isa = PBXFileReference; lastKnownFileType = sourcecode.swift; path = EmailHelper.swift; sourceTree = "<group>"; };
		9B2E44E12B39F4C400BCAC49 /* SettingsView.swift */ = {isa = PBXFileReference; lastKnownFileType = sourcecode.swift; path = SettingsView.swift; sourceTree = "<group>"; };
		9B2E450E2B43C07500BCAC49 /* PastReviewsViewModel.swift */ = {isa = PBXFileReference; lastKnownFileType = sourcecode.swift; path = PastReviewsViewModel.swift; sourceTree = "<group>"; };
		9B2E45102B44D6A900BCAC49 /* UserInfoViewModel.swift */ = {isa = PBXFileReference; lastKnownFileType = sourcecode.swift; path = UserInfoViewModel.swift; sourceTree = "<group>"; };
		9B352DAF2AF00B380032ED34 /* sample_review.json */ = {isa = PBXFileReference; lastKnownFileType = text.json; path = sample_review.json; sourceTree = "<group>"; };
		9B352DB52AF298540032ED34 /* AnswerView.swift */ = {isa = PBXFileReference; lastKnownFileType = sourcecode.swift; path = AnswerView.swift; sourceTree = "<group>"; };
		9B3D9D6E2AD4678900BA8BD3 /* RelationshipReview.app */ = {isa = PBXFileReference; explicitFileType = wrapper.application; includeInIndex = 0; path = RelationshipReview.app; sourceTree = BUILT_PRODUCTS_DIR; };
		9B3D9D712AD4678900BA8BD3 /* RelationshipReviewApp.swift */ = {isa = PBXFileReference; lastKnownFileType = sourcecode.swift; path = RelationshipReviewApp.swift; sourceTree = "<group>"; };
		9B3D9D732AD4678900BA8BD3 /* ContentView.swift */ = {isa = PBXFileReference; lastKnownFileType = sourcecode.swift; path = ContentView.swift; sourceTree = "<group>"; };
		9B3D9D752AD4678B00BA8BD3 /* Assets.xcassets */ = {isa = PBXFileReference; lastKnownFileType = folder.assetcatalog; path = Assets.xcassets; sourceTree = "<group>"; };
		9B3D9D782AD4678B00BA8BD3 /* Preview Assets.xcassets */ = {isa = PBXFileReference; lastKnownFileType = folder.assetcatalog; path = "Preview Assets.xcassets"; sourceTree = "<group>"; };
		9B3D9D7E2AD4678B00BA8BD3 /* RelationshipReviewTests.xctest */ = {isa = PBXFileReference; explicitFileType = wrapper.cfbundle; includeInIndex = 0; path = RelationshipReviewTests.xctest; sourceTree = BUILT_PRODUCTS_DIR; };
		9B3D9D822AD4678B00BA8BD3 /* RelationshipReviewTests.swift */ = {isa = PBXFileReference; lastKnownFileType = sourcecode.swift; path = RelationshipReviewTests.swift; sourceTree = "<group>"; };
		9B3D9D882AD4678B00BA8BD3 /* RelationshipReviewUITests.xctest */ = {isa = PBXFileReference; explicitFileType = wrapper.cfbundle; includeInIndex = 0; path = RelationshipReviewUITests.xctest; sourceTree = BUILT_PRODUCTS_DIR; };
		9B3D9D8C2AD4678B00BA8BD3 /* RelationshipReviewUITests.swift */ = {isa = PBXFileReference; lastKnownFileType = sourcecode.swift; path = RelationshipReviewUITests.swift; sourceTree = "<group>"; };
		9B3D9D8E2AD4678B00BA8BD3 /* RelationshipReviewUITestsLaunchTests.swift */ = {isa = PBXFileReference; lastKnownFileType = sourcecode.swift; path = RelationshipReviewUITestsLaunchTests.swift; sourceTree = "<group>"; };
		9B3D9D9B2AD467C100BA8BD3 /* CommunicationLevel.swift */ = {isa = PBXFileReference; lastKnownFileType = sourcecode.swift; path = CommunicationLevel.swift; sourceTree = "<group>"; };
		9B3D9D9D2AD46B4E00BA8BD3 /* UserInfo.swift */ = {isa = PBXFileReference; lastKnownFileType = sourcecode.swift; path = UserInfo.swift; sourceTree = "<group>"; };
		9B3D9D9F2AD46B7F00BA8BD3 /* Relationship.swift */ = {isa = PBXFileReference; lastKnownFileType = sourcecode.swift; path = Relationship.swift; sourceTree = "<group>"; };
		9B3D9DA12AD46D1A00BA8BD3 /* CheckIn.swift */ = {isa = PBXFileReference; lastKnownFileType = sourcecode.swift; path = CheckIn.swift; sourceTree = "<group>"; };
		9B3D9DA42AD48C2100BA8BD3 /* ReviewViewModel.swift */ = {isa = PBXFileReference; lastKnownFileType = sourcecode.swift; path = ReviewViewModel.swift; sourceTree = "<group>"; };
		9B3D9DA62AD493CC00BA8BD3 /* CheckInViewModel.swift */ = {isa = PBXFileReference; lastKnownFileType = sourcecode.swift; path = CheckInViewModel.swift; sourceTree = "<group>"; };
		9B3D9DA92AD496CD00BA8BD3 /* CheckInView.swift */ = {isa = PBXFileReference; lastKnownFileType = sourcecode.swift; path = CheckInView.swift; sourceTree = "<group>"; };
		9B3D9DAB2AD49B5E00BA8BD3 /* PromptView.swift */ = {isa = PBXFileReference; lastKnownFileType = sourcecode.swift; path = PromptView.swift; sourceTree = "<group>"; };
		9B3D9DAD2AD4AB1900BA8BD3 /* PromptViewModel.swift */ = {isa = PBXFileReference; lastKnownFileType = sourcecode.swift; path = PromptViewModel.swift; sourceTree = "<group>"; };
		9B3D9DAF2AD5A0D500BA8BD3 /* PromptsViewModel.swift */ = {isa = PBXFileReference; lastKnownFileType = sourcecode.swift; path = PromptsViewModel.swift; sourceTree = "<group>"; };
		9B3D9DB12AD5ACCF00BA8BD3 /* MockData.swift */ = {isa = PBXFileReference; lastKnownFileType = sourcecode.swift; path = MockData.swift; sourceTree = "<group>"; };
		9B3D9DB42AD5B82E00BA8BD3 /* NetworkService.swift */ = {isa = PBXFileReference; lastKnownFileType = sourcecode.swift; path = NetworkService.swift; sourceTree = "<group>"; };
		9B3D9DB62AD5BE5C00BA8BD3 /* sample_prompts.json */ = {isa = PBXFileReference; lastKnownFileType = text.json; path = sample_prompts.json; sourceTree = "<group>"; };
		9B3D9DB82AD9903500BA8BD3 /* Prompt.swift */ = {isa = PBXFileReference; lastKnownFileType = sourcecode.swift; path = Prompt.swift; sourceTree = "<group>"; };
		9B3D9DBA2AD9909200BA8BD3 /* Review.swift */ = {isa = PBXFileReference; lastKnownFileType = sourcecode.swift; path = Review.swift; sourceTree = "<group>"; };
		9B3D9DBC2AD9997200BA8BD3 /* PromptsView.swift */ = {isa = PBXFileReference; lastKnownFileType = sourcecode.swift; path = PromptsView.swift; sourceTree = "<group>"; };
		9BB891F72ADC442500B980C7 /* AnswersToSubmit.swift */ = {isa = PBXFileReference; lastKnownFileType = sourcecode.swift; path = AnswersToSubmit.swift; sourceTree = "<group>"; };
		9BB891F92ADC479100B980C7 /* ReviewView.swift */ = {isa = PBXFileReference; lastKnownFileType = sourcecode.swift; path = ReviewView.swift; sourceTree = "<group>"; };
		9BEF91152B1BFFA50096D566 /* DesignSystem.swift */ = {isa = PBXFileReference; lastKnownFileType = sourcecode.swift; path = DesignSystem.swift; sourceTree = "<group>"; };
		9BEF91182B1C00680096D566 /* GoogleService-Info.plist */ = {isa = PBXFileReference; fileEncoding = 4; lastKnownFileType = text.plist.xml; path = "GoogleService-Info.plist"; sourceTree = "<group>"; };
		9BEF912C2B1C06F30096D566 /* OnboardingView.swift */ = {isa = PBXFileReference; lastKnownFileType = sourcecode.swift; path = OnboardingView.swift; sourceTree = "<group>"; };
		9BEF912E2B1C07620096D566 /* MainView.swift */ = {isa = PBXFileReference; lastKnownFileType = sourcecode.swift; path = MainView.swift; sourceTree = "<group>"; };
		9BEF91302B1C09590096D566 /* NetworkClient.swift */ = {isa = PBXFileReference; lastKnownFileType = sourcecode.swift; path = NetworkClient.swift; sourceTree = "<group>"; };
		9BEF91322B1C098B0096D566 /* APIEndpoints.swift */ = {isa = PBXFileReference; lastKnownFileType = sourcecode.swift; path = APIEndpoints.swift; sourceTree = "<group>"; };
		9BEF91342B1C113A0096D566 /* OnboardingViewModel.swift */ = {isa = PBXFileReference; lastKnownFileType = sourcecode.swift; path = OnboardingViewModel.swift; sourceTree = "<group>"; };
/* End PBXFileReference section */

/* Begin PBXFrameworksBuildPhase section */
		9B3D9D6B2AD4678900BA8BD3 /* Frameworks */ = {
			isa = PBXFrameworksBuildPhase;
			buildActionMask = 2147483647;
			files = (
				9BEF91242B1C039A0096D566 /* FirebaseFirestoreSwift in Frameworks */,
				9BEF91202B1C039A0096D566 /* FirebaseDatabaseSwift in Frameworks */,
				9BEF91222B1C039A0096D566 /* FirebaseFirestore in Frameworks */,
				9BEF911E2B1C039A0096D566 /* FirebaseDatabase in Frameworks */,
				9BEF911C2B1C039A0096D566 /* FirebaseAuth in Frameworks */,
			);
			runOnlyForDeploymentPostprocessing = 0;
		};
		9B3D9D7B2AD4678B00BA8BD3 /* Frameworks */ = {
			isa = PBXFrameworksBuildPhase;
			buildActionMask = 2147483647;
			files = (
			);
			runOnlyForDeploymentPostprocessing = 0;
		};
		9B3D9D852AD4678B00BA8BD3 /* Frameworks */ = {
			isa = PBXFrameworksBuildPhase;
			buildActionMask = 2147483647;
			files = (
			);
			runOnlyForDeploymentPostprocessing = 0;
		};
/* End PBXFrameworksBuildPhase section */

/* Begin PBXGroup section */
		9B2E44E32B39F5F300BCAC49 /* Settings */ = {
			isa = PBXGroup;
			children = (
				9B2E44E12B39F4C400BCAC49 /* SettingsView.swift */,
				9B2E44DD2B39F38300BCAC49 /* EditUserInfoView.swift */,
			);
			path = Settings;
			sourceTree = "<group>";
		};
		9B2E44E42B39F73700BCAC49 /* Review */ = {
			isa = PBXGroup;
			children = (
				9B2E44DB2B39F17000BCAC49 /* PastReviewsView.swift */,
				9BB891F92ADC479100B980C7 /* ReviewView.swift */,
				9B3D9DA92AD496CD00BA8BD3 /* CheckInView.swift */,
				9B352DB52AF298540032ED34 /* AnswerView.swift */,
			);
			path = Review;
			sourceTree = "<group>";
		};
		9B2E44E52B39F74400BCAC49 /* Prompt */ = {
			isa = PBXGroup;
			children = (
				9B3D9DBC2AD9997200BA8BD3 /* PromptsView.swift */,
				9B3D9DAB2AD49B5E00BA8BD3 /* PromptView.swift */,
			);
			path = Prompt;
			sourceTree = "<group>";
		};
		9B352DB12AF1524F0032ED34 /* Networking */ = {
			isa = PBXGroup;
			children = (
				9B3D9DB42AD5B82E00BA8BD3 /* NetworkService.swift */,
				9BEF91302B1C09590096D566 /* NetworkClient.swift */,
				9BEF91322B1C098B0096D566 /* APIEndpoints.swift */,
			);
			path = Networking;
			sourceTree = "<group>";
		};
		9B352DB22AF152680032ED34 /* View */ = {
			isa = PBXGroup;
			children = (
				9BEF912E2B1C07620096D566 /* MainView.swift */,
				9B2E44E52B39F74400BCAC49 /* Prompt */,
				9B2E44E42B39F73700BCAC49 /* Review */,
				9B2E44E32B39F5F300BCAC49 /* Settings */,
				9BEF912B2B1C06D50096D566 /* Onboarding */,
			);
			path = View;
			sourceTree = "<group>";
		};
		9B3D9D652AD4678900BA8BD3 = {
			isa = PBXGroup;
			children = (
				9B3D9D702AD4678900BA8BD3 /* RelationshipReview */,
				9B3D9D812AD4678B00BA8BD3 /* RelationshipReviewTests */,
				9B3D9D8B2AD4678B00BA8BD3 /* RelationshipReviewUITests */,
				9B3D9D6F2AD4678900BA8BD3 /* Products */,
			);
			sourceTree = "<group>";
		};
		9B3D9D6F2AD4678900BA8BD3 /* Products */ = {
			isa = PBXGroup;
			children = (
				9B3D9D6E2AD4678900BA8BD3 /* RelationshipReview.app */,
				9B3D9D7E2AD4678B00BA8BD3 /* RelationshipReviewTests.xctest */,
				9B3D9D882AD4678B00BA8BD3 /* RelationshipReviewUITests.xctest */,
			);
			name = Products;
			sourceTree = "<group>";
		};
		9B3D9D702AD4678900BA8BD3 /* RelationshipReview */ = {
			isa = PBXGroup;
			children = (
				9B3D9D712AD4678900BA8BD3 /* RelationshipReviewApp.swift */,
				9B3D9D732AD4678900BA8BD3 /* ContentView.swift */,
				9B352DB22AF152680032ED34 /* View */,
				9B3D9DA82AD493D700BA8BD3 /* ViewModel */,
				9B352DB12AF1524F0032ED34 /* Networking */,
				9B3D9DA32AD4787B00BA8BD3 /* Model */,
				9BEF91172B1BFFAA0096D566 /* Utilities */,
				9B3D9DB32AD5ACE700BA8BD3 /* Mock */,
				9B3D9D752AD4678B00BA8BD3 /* Assets.xcassets */,
				9BEF91182B1C00680096D566 /* GoogleService-Info.plist */,
				9B3D9D772AD4678B00BA8BD3 /* Preview Content */,
			);
			path = RelationshipReview;
			sourceTree = "<group>";
		};
		9B3D9D772AD4678B00BA8BD3 /* Preview Content */ = {
			isa = PBXGroup;
			children = (
				9B3D9D782AD4678B00BA8BD3 /* Preview Assets.xcassets */,
			);
			path = "Preview Content";
			sourceTree = "<group>";
		};
		9B3D9D812AD4678B00BA8BD3 /* RelationshipReviewTests */ = {
			isa = PBXGroup;
			children = (
				9B3D9D822AD4678B00BA8BD3 /* RelationshipReviewTests.swift */,
			);
			path = RelationshipReviewTests;
			sourceTree = "<group>";
		};
		9B3D9D8B2AD4678B00BA8BD3 /* RelationshipReviewUITests */ = {
			isa = PBXGroup;
			children = (
				9B3D9D8C2AD4678B00BA8BD3 /* RelationshipReviewUITests.swift */,
				9B3D9D8E2AD4678B00BA8BD3 /* RelationshipReviewUITestsLaunchTests.swift */,
			);
			path = RelationshipReviewUITests;
			sourceTree = "<group>";
		};
		9B3D9DA32AD4787B00BA8BD3 /* Model */ = {
			isa = PBXGroup;
			children = (
				9B3D9D9D2AD46B4E00BA8BD3 /* UserInfo.swift */,
				9B3D9D9F2AD46B7F00BA8BD3 /* Relationship.swift */,
				9B3D9DB82AD9903500BA8BD3 /* Prompt.swift */,
				9BB891F72ADC442500B980C7 /* AnswersToSubmit.swift */,
				9B3D9DA12AD46D1A00BA8BD3 /* CheckIn.swift */,
				9B3D9DBA2AD9909200BA8BD3 /* Review.swift */,
			);
			path = Model;
			sourceTree = "<group>";
		};
		9B3D9DA82AD493D700BA8BD3 /* ViewModel */ = {
			isa = PBXGroup;
			children = (
				9BEF91342B1C113A0096D566 /* OnboardingViewModel.swift */,
				9B3D9DAF2AD5A0D500BA8BD3 /* PromptsViewModel.swift */,
				9B3D9DAD2AD4AB1900BA8BD3 /* PromptViewModel.swift */,
				9B2E450E2B43C07500BCAC49 /* PastReviewsViewModel.swift */,
				9B3D9DA42AD48C2100BA8BD3 /* ReviewViewModel.swift */,
				9B3D9DA62AD493CC00BA8BD3 /* CheckInViewModel.swift */,
				9B2E45102B44D6A900BCAC49 /* UserInfoViewModel.swift */,
				9B3D9D9B2AD467C100BA8BD3 /* CommunicationLevel.swift */,
			);
			path = ViewModel;
			sourceTree = "<group>";
		};
		9B3D9DB32AD5ACE700BA8BD3 /* Mock */ = {
			isa = PBXGroup;
			children = (
				9B3D9DB12AD5ACCF00BA8BD3 /* MockData.swift */,
				9B3D9DB62AD5BE5C00BA8BD3 /* sample_prompts.json */,
				9B352DAF2AF00B380032ED34 /* sample_review.json */,
			);
			path = Mock;
			sourceTree = "<group>";
		};
		9BEF91172B1BFFAA0096D566 /* Utilities */ = {
			isa = PBXGroup;
			children = (
				9BEF91152B1BFFA50096D566 /* DesignSystem.swift */,
				9B2E44DF2B39F43E00BCAC49 /* EmailHelper.swift */,
			);
			path = Utilities;
			sourceTree = "<group>";
		};
		9BEF912B2B1C06D50096D566 /* Onboarding */ = {
			isa = PBXGroup;
			children = (
				9BEF912C2B1C06F30096D566 /* OnboardingView.swift */,
			);
			path = Onboarding;
			sourceTree = "<group>";
		};
/* End PBXGroup section */

/* Begin PBXNativeTarget section */
		9B3D9D6D2AD4678900BA8BD3 /* RelationshipReview */ = {
			isa = PBXNativeTarget;
			buildConfigurationList = 9B3D9D922AD4678C00BA8BD3 /* Build configuration list for PBXNativeTarget "RelationshipReview" */;
			buildPhases = (
				9B3D9D6A2AD4678900BA8BD3 /* Sources */,
				9B3D9D6B2AD4678900BA8BD3 /* Frameworks */,
				9B3D9D6C2AD4678900BA8BD3 /* Resources */,
			);
			buildRules = (
			);
			dependencies = (
			);
			name = RelationshipReview;
			packageProductDependencies = (
				9BEF911B2B1C039A0096D566 /* FirebaseAuth */,
				9BEF911D2B1C039A0096D566 /* FirebaseDatabase */,
				9BEF911F2B1C039A0096D566 /* FirebaseDatabaseSwift */,
				9BEF91212B1C039A0096D566 /* FirebaseFirestore */,
				9BEF91232B1C039A0096D566 /* FirebaseFirestoreSwift */,
			);
			productName = RelationshipReview;
			productReference = 9B3D9D6E2AD4678900BA8BD3 /* RelationshipReview.app */;
			productType = "com.apple.product-type.application";
		};
		9B3D9D7D2AD4678B00BA8BD3 /* RelationshipReviewTests */ = {
			isa = PBXNativeTarget;
			buildConfigurationList = 9B3D9D952AD4678C00BA8BD3 /* Build configuration list for PBXNativeTarget "RelationshipReviewTests" */;
			buildPhases = (
				9B3D9D7A2AD4678B00BA8BD3 /* Sources */,
				9B3D9D7B2AD4678B00BA8BD3 /* Frameworks */,
				9B3D9D7C2AD4678B00BA8BD3 /* Resources */,
			);
			buildRules = (
			);
			dependencies = (
				9B3D9D802AD4678B00BA8BD3 /* PBXTargetDependency */,
			);
			name = RelationshipReviewTests;
			productName = RelationshipReviewTests;
			productReference = 9B3D9D7E2AD4678B00BA8BD3 /* RelationshipReviewTests.xctest */;
			productType = "com.apple.product-type.bundle.unit-test";
		};
		9B3D9D872AD4678B00BA8BD3 /* RelationshipReviewUITests */ = {
			isa = PBXNativeTarget;
			buildConfigurationList = 9B3D9D982AD4678C00BA8BD3 /* Build configuration list for PBXNativeTarget "RelationshipReviewUITests" */;
			buildPhases = (
				9B3D9D842AD4678B00BA8BD3 /* Sources */,
				9B3D9D852AD4678B00BA8BD3 /* Frameworks */,
				9B3D9D862AD4678B00BA8BD3 /* Resources */,
			);
			buildRules = (
			);
			dependencies = (
				9B3D9D8A2AD4678B00BA8BD3 /* PBXTargetDependency */,
			);
			name = RelationshipReviewUITests;
			productName = RelationshipReviewUITests;
			productReference = 9B3D9D882AD4678B00BA8BD3 /* RelationshipReviewUITests.xctest */;
			productType = "com.apple.product-type.bundle.ui-testing";
		};
/* End PBXNativeTarget section */

/* Begin PBXProject section */
		9B3D9D662AD4678900BA8BD3 /* Project object */ = {
			isa = PBXProject;
			attributes = {
				BuildIndependentTargetsInParallel = 1;
				LastSwiftUpdateCheck = 1500;
				LastUpgradeCheck = 1500;
				TargetAttributes = {
					9B3D9D6D2AD4678900BA8BD3 = {
						CreatedOnToolsVersion = 15.0;
					};
					9B3D9D7D2AD4678B00BA8BD3 = {
						CreatedOnToolsVersion = 15.0;
						TestTargetID = 9B3D9D6D2AD4678900BA8BD3;
					};
					9B3D9D872AD4678B00BA8BD3 = {
						CreatedOnToolsVersion = 15.0;
						TestTargetID = 9B3D9D6D2AD4678900BA8BD3;
					};
				};
			};
			buildConfigurationList = 9B3D9D692AD4678900BA8BD3 /* Build configuration list for PBXProject "RelationshipReview" */;
			compatibilityVersion = "Xcode 14.0";
			developmentRegion = en;
			hasScannedForEncodings = 0;
			knownRegions = (
				en,
				Base,
			);
			mainGroup = 9B3D9D652AD4678900BA8BD3;
			packageReferences = (
				9BEF911A2B1C03990096D566 /* XCRemoteSwiftPackageReference "firebase-ios-sdk" */,
			);
			productRefGroup = 9B3D9D6F2AD4678900BA8BD3 /* Products */;
			projectDirPath = "";
			projectRoot = "";
			targets = (
				9B3D9D6D2AD4678900BA8BD3 /* RelationshipReview */,
				9B3D9D7D2AD4678B00BA8BD3 /* RelationshipReviewTests */,
				9B3D9D872AD4678B00BA8BD3 /* RelationshipReviewUITests */,
			);
		};
/* End PBXProject section */

/* Begin PBXResourcesBuildPhase section */
		9B3D9D6C2AD4678900BA8BD3 /* Resources */ = {
			isa = PBXResourcesBuildPhase;
			buildActionMask = 2147483647;
			files = (
				9B3D9D792AD4678B00BA8BD3 /* Preview Assets.xcassets in Resources */,
				9B352DB02AF00B380032ED34 /* sample_review.json in Resources */,
				9BEF91192B1C00680096D566 /* GoogleService-Info.plist in Resources */,
				9B3D9D762AD4678B00BA8BD3 /* Assets.xcassets in Resources */,
				9B3D9DB72AD5BE5C00BA8BD3 /* sample_prompts.json in Resources */,
			);
			runOnlyForDeploymentPostprocessing = 0;
		};
		9B3D9D7C2AD4678B00BA8BD3 /* Resources */ = {
			isa = PBXResourcesBuildPhase;
			buildActionMask = 2147483647;
			files = (
			);
			runOnlyForDeploymentPostprocessing = 0;
		};
		9B3D9D862AD4678B00BA8BD3 /* Resources */ = {
			isa = PBXResourcesBuildPhase;
			buildActionMask = 2147483647;
			files = (
			);
			runOnlyForDeploymentPostprocessing = 0;
		};
/* End PBXResourcesBuildPhase section */

/* Begin PBXSourcesBuildPhase section */
		9B3D9D6A2AD4678900BA8BD3 /* Sources */ = {
			isa = PBXSourcesBuildPhase;
			buildActionMask = 2147483647;
			files = (
				9B3D9DA02AD46B7F00BA8BD3 /* Relationship.swift in Sources */,
				9B3D9DA22AD46D1A00BA8BD3 /* CheckIn.swift in Sources */,
				9B352DB62AF298540032ED34 /* AnswerView.swift in Sources */,
				9B2E44E02B39F43E00BCAC49 /* EmailHelper.swift in Sources */,
				9BEF91332B1C098B0096D566 /* APIEndpoints.swift in Sources */,
				9BB891FA2ADC479100B980C7 /* ReviewView.swift in Sources */,
				9B3D9DB02AD5A0D500BA8BD3 /* PromptsViewModel.swift in Sources */,
				9B3D9DB22AD5ACCF00BA8BD3 /* MockData.swift in Sources */,
				9B3D9DB92AD9903500BA8BD3 /* Prompt.swift in Sources */,
				9B2E45112B44D6A900BCAC49 /* UserInfoViewModel.swift in Sources */,
				9B3D9DA72AD493CD00BA8BD3 /* CheckInViewModel.swift in Sources */,
				9B3D9DA52AD48C2100BA8BD3 /* ReviewViewModel.swift in Sources */,
				9B3D9DB52AD5B82E00BA8BD3 /* NetworkService.swift in Sources */,
				9B3D9D9E2AD46B4E00BA8BD3 /* UserInfo.swift in Sources */,
				9B3D9DBB2AD9909200BA8BD3 /* Review.swift in Sources */,
				9BEF912F2B1C07620096D566 /* MainView.swift in Sources */,
				9B2E44E22B39F4C400BCAC49 /* SettingsView.swift in Sources */,
				9BB891F82ADC442500B980C7 /* AnswersToSubmit.swift in Sources */,
				9B3D9D742AD4678900BA8BD3 /* ContentView.swift in Sources */,
				9B2E450F2B43C07500BCAC49 /* PastReviewsViewModel.swift in Sources */,
				9B3D9DBD2AD9997200BA8BD3 /* PromptsView.swift in Sources */,
				9B3D9DAE2AD4AB1900BA8BD3 /* PromptViewModel.swift in Sources */,
				9BEF91352B1C113A0096D566 /* OnboardingViewModel.swift in Sources */,
				9B2E44DC2B39F17000BCAC49 /* PastReviewsView.swift in Sources */,
				9B3D9D722AD4678900BA8BD3 /* RelationshipReviewApp.swift in Sources */,
				9B3D9D9C2AD467C100BA8BD3 /* CommunicationLevel.swift in Sources */,
				9BEF91162B1BFFA50096D566 /* DesignSystem.swift in Sources */,
				9B2E44DE2B39F38300BCAC49 /* EditUserInfoView.swift in Sources */,
				9BEF91312B1C09590096D566 /* NetworkClient.swift in Sources */,
				9B3D9DAC2AD49B5E00BA8BD3 /* PromptView.swift in Sources */,
				9BEF912D2B1C06F30096D566 /* OnboardingView.swift in Sources */,
				9B3D9DAA2AD496CD00BA8BD3 /* CheckInView.swift in Sources */,
			);
			runOnlyForDeploymentPostprocessing = 0;
		};
		9B3D9D7A2AD4678B00BA8BD3 /* Sources */ = {
			isa = PBXSourcesBuildPhase;
			buildActionMask = 2147483647;
			files = (
				9B3D9D832AD4678B00BA8BD3 /* RelationshipReviewTests.swift in Sources */,
			);
			runOnlyForDeploymentPostprocessing = 0;
		};
		9B3D9D842AD4678B00BA8BD3 /* Sources */ = {
			isa = PBXSourcesBuildPhase;
			buildActionMask = 2147483647;
			files = (
				9B3D9D8F2AD4678B00BA8BD3 /* RelationshipReviewUITestsLaunchTests.swift in Sources */,
				9B3D9D8D2AD4678B00BA8BD3 /* RelationshipReviewUITests.swift in Sources */,
			);
			runOnlyForDeploymentPostprocessing = 0;
		};
/* End PBXSourcesBuildPhase section */

/* Begin PBXTargetDependency section */
		9B3D9D802AD4678B00BA8BD3 /* PBXTargetDependency */ = {
			isa = PBXTargetDependency;
			target = 9B3D9D6D2AD4678900BA8BD3 /* RelationshipReview */;
			targetProxy = 9B3D9D7F2AD4678B00BA8BD3 /* PBXContainerItemProxy */;
		};
		9B3D9D8A2AD4678B00BA8BD3 /* PBXTargetDependency */ = {
			isa = PBXTargetDependency;
			target = 9B3D9D6D2AD4678900BA8BD3 /* RelationshipReview */;
			targetProxy = 9B3D9D892AD4678B00BA8BD3 /* PBXContainerItemProxy */;
		};
/* End PBXTargetDependency section */

/* Begin XCBuildConfiguration section */
		9B3D9D902AD4678B00BA8BD3 /* Debug */ = {
			isa = XCBuildConfiguration;
			buildSettings = {
				ALWAYS_SEARCH_USER_PATHS = NO;
				ASSETCATALOG_COMPILER_GENERATE_SWIFT_ASSET_SYMBOL_EXTENSIONS = YES;
				CLANG_ANALYZER_NONNULL = YES;
				CLANG_ANALYZER_NUMBER_OBJECT_CONVERSION = YES_AGGRESSIVE;
				CLANG_CXX_LANGUAGE_STANDARD = "gnu++20";
				CLANG_ENABLE_MODULES = YES;
				CLANG_ENABLE_OBJC_ARC = YES;
				CLANG_ENABLE_OBJC_WEAK = YES;
				CLANG_WARN_BLOCK_CAPTURE_AUTORELEASING = YES;
				CLANG_WARN_BOOL_CONVERSION = YES;
				CLANG_WARN_COMMA = YES;
				CLANG_WARN_CONSTANT_CONVERSION = YES;
				CLANG_WARN_DEPRECATED_OBJC_IMPLEMENTATIONS = YES;
				CLANG_WARN_DIRECT_OBJC_ISA_USAGE = YES_ERROR;
				CLANG_WARN_DOCUMENTATION_COMMENTS = YES;
				CLANG_WARN_EMPTY_BODY = YES;
				CLANG_WARN_ENUM_CONVERSION = YES;
				CLANG_WARN_INFINITE_RECURSION = YES;
				CLANG_WARN_INT_CONVERSION = YES;
				CLANG_WARN_NON_LITERAL_NULL_CONVERSION = YES;
				CLANG_WARN_OBJC_IMPLICIT_RETAIN_SELF = YES;
				CLANG_WARN_OBJC_LITERAL_CONVERSION = YES;
				CLANG_WARN_OBJC_ROOT_CLASS = YES_ERROR;
				CLANG_WARN_QUOTED_INCLUDE_IN_FRAMEWORK_HEADER = YES;
				CLANG_WARN_RANGE_LOOP_ANALYSIS = YES;
				CLANG_WARN_STRICT_PROTOTYPES = YES;
				CLANG_WARN_SUSPICIOUS_MOVE = YES;
				CLANG_WARN_UNGUARDED_AVAILABILITY = YES_AGGRESSIVE;
				CLANG_WARN_UNREACHABLE_CODE = YES;
				CLANG_WARN__DUPLICATE_METHOD_MATCH = YES;
				COPY_PHASE_STRIP = NO;
				DEBUG_INFORMATION_FORMAT = dwarf;
				ENABLE_STRICT_OBJC_MSGSEND = YES;
				ENABLE_TESTABILITY = YES;
				ENABLE_USER_SCRIPT_SANDBOXING = YES;
				GCC_C_LANGUAGE_STANDARD = gnu17;
				GCC_DYNAMIC_NO_PIC = NO;
				GCC_NO_COMMON_BLOCKS = YES;
				GCC_OPTIMIZATION_LEVEL = 0;
				GCC_PREPROCESSOR_DEFINITIONS = (
					"DEBUG=1",
					"$(inherited)",
				);
				GCC_WARN_64_TO_32_BIT_CONVERSION = YES;
				GCC_WARN_ABOUT_RETURN_TYPE = YES_ERROR;
				GCC_WARN_UNDECLARED_SELECTOR = YES;
				GCC_WARN_UNINITIALIZED_AUTOS = YES_AGGRESSIVE;
				GCC_WARN_UNUSED_FUNCTION = YES;
				GCC_WARN_UNUSED_VARIABLE = YES;
				IPHONEOS_DEPLOYMENT_TARGET = 17.0;
				LOCALIZATION_PREFERS_STRING_CATALOGS = YES;
				MTL_ENABLE_DEBUG_INFO = INCLUDE_SOURCE;
				MTL_FAST_MATH = YES;
				ONLY_ACTIVE_ARCH = YES;
				SDKROOT = iphoneos;
				SWIFT_ACTIVE_COMPILATION_CONDITIONS = "DEBUG $(inherited)";
				SWIFT_OPTIMIZATION_LEVEL = "-Onone";
			};
			name = Debug;
		};
		9B3D9D912AD4678C00BA8BD3 /* Release */ = {
			isa = XCBuildConfiguration;
			buildSettings = {
				ALWAYS_SEARCH_USER_PATHS = NO;
				ASSETCATALOG_COMPILER_GENERATE_SWIFT_ASSET_SYMBOL_EXTENSIONS = YES;
				CLANG_ANALYZER_NONNULL = YES;
				CLANG_ANALYZER_NUMBER_OBJECT_CONVERSION = YES_AGGRESSIVE;
				CLANG_CXX_LANGUAGE_STANDARD = "gnu++20";
				CLANG_ENABLE_MODULES = YES;
				CLANG_ENABLE_OBJC_ARC = YES;
				CLANG_ENABLE_OBJC_WEAK = YES;
				CLANG_WARN_BLOCK_CAPTURE_AUTORELEASING = YES;
				CLANG_WARN_BOOL_CONVERSION = YES;
				CLANG_WARN_COMMA = YES;
				CLANG_WARN_CONSTANT_CONVERSION = YES;
				CLANG_WARN_DEPRECATED_OBJC_IMPLEMENTATIONS = YES;
				CLANG_WARN_DIRECT_OBJC_ISA_USAGE = YES_ERROR;
				CLANG_WARN_DOCUMENTATION_COMMENTS = YES;
				CLANG_WARN_EMPTY_BODY = YES;
				CLANG_WARN_ENUM_CONVERSION = YES;
				CLANG_WARN_INFINITE_RECURSION = YES;
				CLANG_WARN_INT_CONVERSION = YES;
				CLANG_WARN_NON_LITERAL_NULL_CONVERSION = YES;
				CLANG_WARN_OBJC_IMPLICIT_RETAIN_SELF = YES;
				CLANG_WARN_OBJC_LITERAL_CONVERSION = YES;
				CLANG_WARN_OBJC_ROOT_CLASS = YES_ERROR;
				CLANG_WARN_QUOTED_INCLUDE_IN_FRAMEWORK_HEADER = YES;
				CLANG_WARN_RANGE_LOOP_ANALYSIS = YES;
				CLANG_WARN_STRICT_PROTOTYPES = YES;
				CLANG_WARN_SUSPICIOUS_MOVE = YES;
				CLANG_WARN_UNGUARDED_AVAILABILITY = YES_AGGRESSIVE;
				CLANG_WARN_UNREACHABLE_CODE = YES;
				CLANG_WARN__DUPLICATE_METHOD_MATCH = YES;
				COPY_PHASE_STRIP = NO;
				DEBUG_INFORMATION_FORMAT = "dwarf-with-dsym";
				ENABLE_NS_ASSERTIONS = NO;
				ENABLE_STRICT_OBJC_MSGSEND = YES;
				ENABLE_USER_SCRIPT_SANDBOXING = YES;
				GCC_C_LANGUAGE_STANDARD = gnu17;
				GCC_NO_COMMON_BLOCKS = YES;
				GCC_WARN_64_TO_32_BIT_CONVERSION = YES;
				GCC_WARN_ABOUT_RETURN_TYPE = YES_ERROR;
				GCC_WARN_UNDECLARED_SELECTOR = YES;
				GCC_WARN_UNINITIALIZED_AUTOS = YES_AGGRESSIVE;
				GCC_WARN_UNUSED_FUNCTION = YES;
				GCC_WARN_UNUSED_VARIABLE = YES;
				IPHONEOS_DEPLOYMENT_TARGET = 17.0;
				LOCALIZATION_PREFERS_STRING_CATALOGS = YES;
				MTL_ENABLE_DEBUG_INFO = NO;
				MTL_FAST_MATH = YES;
				SDKROOT = iphoneos;
				SWIFT_COMPILATION_MODE = wholemodule;
				VALIDATE_PRODUCT = YES;
			};
			name = Release;
		};
		9B3D9D932AD4678C00BA8BD3 /* Debug */ = {
			isa = XCBuildConfiguration;
			buildSettings = {
				ASSETCATALOG_COMPILER_APPICON_NAME = AppIcon;
				ASSETCATALOG_COMPILER_GLOBAL_ACCENT_COLOR_NAME = AccentColor;
				CODE_SIGN_STYLE = Automatic;
				CURRENT_PROJECT_VERSION = 1;
				DEVELOPMENT_ASSET_PATHS = "\"RelationshipReview/Preview Content\"";
				DEVELOPMENT_TEAM = G6ZU47QNTF;
				ENABLE_PREVIEWS = YES;
				GENERATE_INFOPLIST_FILE = YES;
				INFOPLIST_KEY_CFBundleDisplayName = "Relationship Review";
				INFOPLIST_KEY_UIApplicationSceneManifest_Generation = YES;
				INFOPLIST_KEY_UIApplicationSupportsIndirectInputEvents = YES;
				INFOPLIST_KEY_UILaunchScreen_Generation = YES;
				INFOPLIST_KEY_UISupportedInterfaceOrientations_iPad = "UIInterfaceOrientationPortrait UIInterfaceOrientationPortraitUpsideDown UIInterfaceOrientationLandscapeLeft UIInterfaceOrientationLandscapeRight";
				INFOPLIST_KEY_UISupportedInterfaceOrientations_iPhone = "UIInterfaceOrientationPortrait UIInterfaceOrientationLandscapeLeft UIInterfaceOrientationLandscapeRight";
				LD_RUNPATH_SEARCH_PATHS = (
					"$(inherited)",
					"@executable_path/Frameworks",
				);
				MARKETING_VERSION = 1.0;
				PRODUCT_BUNDLE_IDENTIFIER = CoconutDonkey.RelationshipReview;
				PRODUCT_NAME = "$(TARGET_NAME)";
				SWIFT_EMIT_LOC_STRINGS = YES;
				SWIFT_VERSION = 5.0;
				TARGETED_DEVICE_FAMILY = "1,2";
			};
			name = Debug;
		};
		9B3D9D942AD4678C00BA8BD3 /* Release */ = {
			isa = XCBuildConfiguration;
			buildSettings = {
				ASSETCATALOG_COMPILER_APPICON_NAME = AppIcon;
				ASSETCATALOG_COMPILER_GLOBAL_ACCENT_COLOR_NAME = AccentColor;
				CODE_SIGN_STYLE = Automatic;
				CURRENT_PROJECT_VERSION = 1;
				DEVELOPMENT_ASSET_PATHS = "\"RelationshipReview/Preview Content\"";
				DEVELOPMENT_TEAM = G6ZU47QNTF;
				ENABLE_PREVIEWS = YES;
				GENERATE_INFOPLIST_FILE = YES;
				INFOPLIST_KEY_CFBundleDisplayName = "Relationship Review";
				INFOPLIST_KEY_UIApplicationSceneManifest_Generation = YES;
				INFOPLIST_KEY_UIApplicationSupportsIndirectInputEvents = YES;
				INFOPLIST_KEY_UILaunchScreen_Generation = YES;
				INFOPLIST_KEY_UISupportedInterfaceOrientations_iPad = "UIInterfaceOrientationPortrait UIInterfaceOrientationPortraitUpsideDown UIInterfaceOrientationLandscapeLeft UIInterfaceOrientationLandscapeRight";
				INFOPLIST_KEY_UISupportedInterfaceOrientations_iPhone = "UIInterfaceOrientationPortrait UIInterfaceOrientationLandscapeLeft UIInterfaceOrientationLandscapeRight";
				LD_RUNPATH_SEARCH_PATHS = (
					"$(inherited)",
					"@executable_path/Frameworks",
				);
				MARKETING_VERSION = 1.0;
				PRODUCT_BUNDLE_IDENTIFIER = CoconutDonkey.RelationshipReview;
				PRODUCT_NAME = "$(TARGET_NAME)";
				SWIFT_EMIT_LOC_STRINGS = YES;
				SWIFT_VERSION = 5.0;
				TARGETED_DEVICE_FAMILY = "1,2";
			};
			name = Release;
		};
		9B3D9D962AD4678C00BA8BD3 /* Debug */ = {
			isa = XCBuildConfiguration;
			buildSettings = {
				ALWAYS_EMBED_SWIFT_STANDARD_LIBRARIES = YES;
				BUNDLE_LOADER = "$(TEST_HOST)";
				CODE_SIGN_STYLE = Automatic;
				CURRENT_PROJECT_VERSION = 1;
				DEVELOPMENT_TEAM = G6ZU47QNTF;
				GENERATE_INFOPLIST_FILE = YES;
				IPHONEOS_DEPLOYMENT_TARGET = 17.0;
				MARKETING_VERSION = 1.0;
				PRODUCT_BUNDLE_IDENTIFIER = CoconutDonkey.RelationshipReviewTests;
				PRODUCT_NAME = "$(TARGET_NAME)";
				SWIFT_EMIT_LOC_STRINGS = NO;
				SWIFT_VERSION = 5.0;
				TARGETED_DEVICE_FAMILY = "1,2";
				TEST_HOST = "$(BUILT_PRODUCTS_DIR)/RelationshipReview.app/$(BUNDLE_EXECUTABLE_FOLDER_PATH)/RelationshipReview";
			};
			name = Debug;
		};
		9B3D9D972AD4678C00BA8BD3 /* Release */ = {
			isa = XCBuildConfiguration;
			buildSettings = {
				ALWAYS_EMBED_SWIFT_STANDARD_LIBRARIES = YES;
				BUNDLE_LOADER = "$(TEST_HOST)";
				CODE_SIGN_STYLE = Automatic;
				CURRENT_PROJECT_VERSION = 1;
				DEVELOPMENT_TEAM = G6ZU47QNTF;
				GENERATE_INFOPLIST_FILE = YES;
				IPHONEOS_DEPLOYMENT_TARGET = 17.0;
				MARKETING_VERSION = 1.0;
				PRODUCT_BUNDLE_IDENTIFIER = CoconutDonkey.RelationshipReviewTests;
				PRODUCT_NAME = "$(TARGET_NAME)";
				SWIFT_EMIT_LOC_STRINGS = NO;
				SWIFT_VERSION = 5.0;
				TARGETED_DEVICE_FAMILY = "1,2";
				TEST_HOST = "$(BUILT_PRODUCTS_DIR)/RelationshipReview.app/$(BUNDLE_EXECUTABLE_FOLDER_PATH)/RelationshipReview";
			};
			name = Release;
		};
		9B3D9D992AD4678C00BA8BD3 /* Debug */ = {
			isa = XCBuildConfiguration;
			buildSettings = {
				ALWAYS_EMBED_SWIFT_STANDARD_LIBRARIES = YES;
				CODE_SIGN_STYLE = Automatic;
				CURRENT_PROJECT_VERSION = 1;
				DEVELOPMENT_TEAM = G6ZU47QNTF;
				GENERATE_INFOPLIST_FILE = YES;
				MARKETING_VERSION = 1.0;
				PRODUCT_BUNDLE_IDENTIFIER = CoconutDonkey.RelationshipReviewUITests;
				PRODUCT_NAME = "$(TARGET_NAME)";
				SWIFT_EMIT_LOC_STRINGS = NO;
				SWIFT_VERSION = 5.0;
				TARGETED_DEVICE_FAMILY = "1,2";
				TEST_TARGET_NAME = RelationshipReview;
			};
			name = Debug;
		};
		9B3D9D9A2AD4678C00BA8BD3 /* Release */ = {
			isa = XCBuildConfiguration;
			buildSettings = {
				ALWAYS_EMBED_SWIFT_STANDARD_LIBRARIES = YES;
				CODE_SIGN_STYLE = Automatic;
				CURRENT_PROJECT_VERSION = 1;
				DEVELOPMENT_TEAM = G6ZU47QNTF;
				GENERATE_INFOPLIST_FILE = YES;
				MARKETING_VERSION = 1.0;
				PRODUCT_BUNDLE_IDENTIFIER = CoconutDonkey.RelationshipReviewUITests;
				PRODUCT_NAME = "$(TARGET_NAME)";
				SWIFT_EMIT_LOC_STRINGS = NO;
				SWIFT_VERSION = 5.0;
				TARGETED_DEVICE_FAMILY = "1,2";
				TEST_TARGET_NAME = RelationshipReview;
			};
			name = Release;
		};
/* End XCBuildConfiguration section */

/* Begin XCConfigurationList section */
		9B3D9D692AD4678900BA8BD3 /* Build configuration list for PBXProject "RelationshipReview" */ = {
			isa = XCConfigurationList;
			buildConfigurations = (
				9B3D9D902AD4678B00BA8BD3 /* Debug */,
				9B3D9D912AD4678C00BA8BD3 /* Release */,
			);
			defaultConfigurationIsVisible = 0;
			defaultConfigurationName = Release;
		};
		9B3D9D922AD4678C00BA8BD3 /* Build configuration list for PBXNativeTarget "RelationshipReview" */ = {
			isa = XCConfigurationList;
			buildConfigurations = (
				9B3D9D932AD4678C00BA8BD3 /* Debug */,
				9B3D9D942AD4678C00BA8BD3 /* Release */,
			);
			defaultConfigurationIsVisible = 0;
			defaultConfigurationName = Release;
		};
		9B3D9D952AD4678C00BA8BD3 /* Build configuration list for PBXNativeTarget "RelationshipReviewTests" */ = {
			isa = XCConfigurationList;
			buildConfigurations = (
				9B3D9D962AD4678C00BA8BD3 /* Debug */,
				9B3D9D972AD4678C00BA8BD3 /* Release */,
			);
			defaultConfigurationIsVisible = 0;
			defaultConfigurationName = Release;
		};
		9B3D9D982AD4678C00BA8BD3 /* Build configuration list for PBXNativeTarget "RelationshipReviewUITests" */ = {
			isa = XCConfigurationList;
			buildConfigurations = (
				9B3D9D992AD4678C00BA8BD3 /* Debug */,
				9B3D9D9A2AD4678C00BA8BD3 /* Release */,
			);
			defaultConfigurationIsVisible = 0;
			defaultConfigurationName = Release;
		};
/* End XCConfigurationList section */

/* Begin XCRemoteSwiftPackageReference section */
		9BEF911A2B1C03990096D566 /* XCRemoteSwiftPackageReference "firebase-ios-sdk" */ = {
			isa = XCRemoteSwiftPackageReference;
			repositoryURL = "https://github.com/firebase/firebase-ios-sdk";
			requirement = {
				kind = upToNextMajorVersion;
				minimumVersion = 10.18.0;
			};
		};
/* End XCRemoteSwiftPackageReference section */

/* Begin XCSwiftPackageProductDependency section */
		9BEF911B2B1C039A0096D566 /* FirebaseAuth */ = {
			isa = XCSwiftPackageProductDependency;
			package = 9BEF911A2B1C03990096D566 /* XCRemoteSwiftPackageReference "firebase-ios-sdk" */;
			productName = FirebaseAuth;
		};
		9BEF911D2B1C039A0096D566 /* FirebaseDatabase */ = {
			isa = XCSwiftPackageProductDependency;
			package = 9BEF911A2B1C03990096D566 /* XCRemoteSwiftPackageReference "firebase-ios-sdk" */;
			productName = FirebaseDatabase;
		};
		9BEF911F2B1C039A0096D566 /* FirebaseDatabaseSwift */ = {
			isa = XCSwiftPackageProductDependency;
			package = 9BEF911A2B1C03990096D566 /* XCRemoteSwiftPackageReference "firebase-ios-sdk" */;
			productName = FirebaseDatabaseSwift;
		};
		9BEF91212B1C039A0096D566 /* FirebaseFirestore */ = {
			isa = XCSwiftPackageProductDependency;
			package = 9BEF911A2B1C03990096D566 /* XCRemoteSwiftPackageReference "firebase-ios-sdk" */;
			productName = FirebaseFirestore;
		};
		9BEF91232B1C039A0096D566 /* FirebaseFirestoreSwift */ = {
			isa = XCSwiftPackageProductDependency;
			package = 9BEF911A2B1C03990096D566 /* XCRemoteSwiftPackageReference "firebase-ios-sdk" */;
			productName = FirebaseFirestoreSwift;
		};
/* End XCSwiftPackageProductDependency section */
	};
	rootObject = 9B3D9D662AD4678900BA8BD3 /* Project object */;
}
